
Microsoft Visual Studio Solution File, Format Version 10.00
# Visual Studio 2008
Project("{FAE04EC0-301F-11D3-BF4B-00C04F79EFBC}") = "Mikaija", "Mikaija\Mikaija.csproj", "{887F9AE8-078A-42FB-909E-3A52106D492D}"
EndProject
Project("{FAE04EC0-301F-11D3-BF4B-00C04F79EFBC}") = "Mikaija.TestApplication", "Mikaija.TestApplication\Mikaija.TestApplication.csproj", "{3D74D74A-C56C-4C5E-882B-27646B547F58}"
EndProject
Global
	GlobalSection(SolutionConfigurationPlatforms) = preSolution
		Debug|Any CPU = Debug|Any CPU
		Release|Any CPU = Release|Any CPU
	EndGlobalSection
	GlobalSection(ProjectConfigurationPlatforms) = postSolution
		{887F9AE8-078A-42FB-909E-3A52106D492D}.Debug|Any CPU.ActiveCfg = Debug|Any CPU
		{887F9AE8-078A-42FB-909E-3A52106D492D}.Debug|Any CPU.Build.0 = Debug|Any CPU
		{887F9AE8-078A-42FB-909E-3A52106D492D}.Release|Any CPU.ActiveCfg = Release|Any CPU
		{887F9AE8-078A-42FB-909E-3A52106D492D}.Release|Any CPU.Build.0 = Release|Any CPU
		{3D74D74A-C56C-4C5E-882B-27646B547F58}.Debug|Any CPU.ActiveCfg = Debug|Any CPU
		{3D74D74A-C56C-4C5E-882B-27646B547F58}.Debug|Any CPU.Build.0 = Debug|Any CPU
		{3D74D74A-C56C-4C5E-882B-27646B547F58}.Release|Any CPU.ActiveCfg = Release|Any CPU
		{3D74D74A-C56C-4C5E-882B-27646B547F58}.Release|Any CPU.Build.0 = Release|Any CPU
	EndGlobalSection
	GlobalSection(SolutionProperties) = preSolution
		HideSolutionNode = FALSE
	EndGlobalSection
EndGlobal
